
Microsoft Visual Studio Solution File, Format Version 12.00
# Visual Studio Version 16
VisualStudioVersion = 16.0.31727.386
MinimumVisualStudioVersion = 10.0.40219.1
Project("{8BC9CEB8-8B4A-11D0-8D11-00A0C91BC942}") = "Prospect.Agent", "Prospect.Agent\Prospect.Agent.vcxproj", "{A9BA7D25-F239-4320-A0DC-85E8001FD669}"
EndProject
Project("{FAE04EC0-301F-11D3-BF4B-00C04F79EFBC}") = "Prospect.Launcher", "Prospect.Launcher\Prospect.Launcher.csproj", "{1C8F4637-9552-4726-818B-196ECE2AE966}"
EndProject
Project("{FAE04EC0-301F-11D3-BF4B-00C04F79EFBC}") = "Prospect.Server.Api", "Prospect.Server.Api\Prospect.Server.Api.csproj", "{A539B020-8BEC-497F-9176-DC2665D927A1}"
EndProject
Project("{FAE04EC0-301F-11D3-BF4B-00C04F79EFBC}") = "Prospect.Server.Steam", "Prospect.Server.Steam\Prospect.Server.Steam.csproj", "{CF1CFAE8-B0B3-401A-9706-35AF54249E67}"
EndProject
Global
	GlobalSection(SolutionConfigurationPlatforms) = preSolution
		Debug|x64 = Debug|x64
		Debug|x86 = Debug|x86
		Release|x64 = Release|x64
		Release|x86 = Release|x86
	EndGlobalSection
	GlobalSection(ProjectConfigurationPlatforms) = postSolution
		{A9BA7D25-F239-4320-A0DC-85E8001FD669}.Debug|x64.ActiveCfg = Debug|x64
		{A9BA7D25-F239-4320-A0DC-85E8001FD669}.Debug|x64.Build.0 = Debug|x64
		{A9BA7D25-F239-4320-A0DC-85E8001FD669}.Debug|x86.ActiveCfg = Debug|x64
		{A9BA7D25-F239-4320-A0DC-85E8001FD669}.Release|x64.ActiveCfg = Release|x64
		{A9BA7D25-F239-4320-A0DC-85E8001FD669}.Release|x64.Build.0 = Release|x64
		{A9BA7D25-F239-4320-A0DC-85E8001FD669}.Release|x86.ActiveCfg = Release|x64
		{1C8F4637-9552-4726-818B-196ECE2AE966}.Debug|x64.ActiveCfg = Debug|Any CPU
		{1C8F4637-9552-4726-818B-196ECE2AE966}.Debug|x64.Build.0 = Debug|Any CPU
		{1C8F4637-9552-4726-818B-196ECE2AE966}.Debug|x86.ActiveCfg = Debug|Any CPU
		{1C8F4637-9552-4726-818B-196ECE2AE966}.Debug|x86.Build.0 = Debug|Any CPU
		{1C8F4637-9552-4726-818B-196ECE2AE966}.Release|x64.ActiveCfg = Release|Any CPU
		{1C8F4637-9552-4726-818B-196ECE2AE966}.Release|x64.Build.0 = Release|Any CPU
		{1C8F4637-9552-4726-818B-196ECE2AE966}.Release|x86.ActiveCfg = Release|Any CPU
		{1C8F4637-9552-4726-818B-196ECE2AE966}.Release|x86.Build.0 = Release|Any CPU
		{A539B020-8BEC-497F-9176-DC2665D927A1}.Debug|x64.ActiveCfg = Debug|Any CPU
		{A539B020-8BEC-497F-9176-DC2665D927A1}.Debug|x64.Build.0 = Debug|Any CPU
		{A539B020-8BEC-497F-9176-DC2665D927A1}.Debug|x86.ActiveCfg = Debug|Any CPU
		{A539B020-8BEC-497F-9176-DC2665D927A1}.Debug|x86.Build.0 = Debug|Any CPU
		{A539B020-8BEC-497F-9176-DC2665D927A1}.Release|x64.ActiveCfg = Release|Any CPU
		{A539B020-8BEC-497F-9176-DC2665D927A1}.Release|x64.Build.0 = Release|Any CPU
		{A539B020-8BEC-497F-9176-DC2665D927A1}.Release|x86.ActiveCfg = Release|Any CPU
		{A539B020-8BEC-497F-9176-DC2665D927A1}.Release|x86.Build.0 = Release|Any CPU
		{CF1CFAE8-B0B3-401A-9706-35AF54249E67}.Debug|x64.ActiveCfg = Debug|Any CPU
		{CF1CFAE8-B0B3-401A-9706-35AF54249E67}.Debug|x64.Build.0 = Debug|Any CPU
		{CF1CFAE8-B0B3-401A-9706-35AF54249E67}.Debug|x86.ActiveCfg = Debug|Any CPU
		{CF1CFAE8-B0B3-401A-9706-35AF54249E67}.Debug|x86.Build.0 = Debug|Any CPU
		{CF1CFAE8-B0B3-401A-9706-35AF54249E67}.Release|x64.ActiveCfg = Release|Any CPU
		{CF1CFAE8-B0B3-401A-9706-35AF54249E67}.Release|x64.Build.0 = Release|Any CPU
		{CF1CFAE8-B0B3-401A-9706-35AF54249E67}.Release|x86.ActiveCfg = Release|Any CPU
		{CF1CFAE8-B0B3-401A-9706-35AF54249E67}.Release|x86.Build.0 = Release|Any CPU
	EndGlobalSection
	GlobalSection(SolutionProperties) = preSolution
		HideSolutionNode = FALSE
	EndGlobalSection
	GlobalSection(ExtensibilityGlobals) = postSolution
		SolutionGuid = {12888C62-D3A2-4DD7-A9A5-1481D95865D0}
	EndGlobalSection
EndGlobal
